
Microsoft Visual Studio Solution File, Format Version 12.00
# Visual Studio Version 16
VisualStudioVersion = 16.0.30611.23
MinimumVisualStudioVersion = 10.0.40219.1
Project("{888888A0-9F3D-457C-B088-3A5042F75D52}") = "mfcc", "mfcc\mfcc.pyproj", "{2C13772B-F1C5-4DB4-84AE-B383C5E990C6}"
EndProject
Global
	GlobalSection(SolutionConfigurationPlatforms) = preSolution
		Debug|Any CPU = Debug|Any CPU
		Release|Any CPU = Release|Any CPU
	EndGlobalSection
	GlobalSection(ProjectConfigurationPlatforms) = postSolution
		{2C13772B-F1C5-4DB4-84AE-B383C5E990C6}.Debug|Any CPU.ActiveCfg = Debug|Any CPU
		{2C13772B-F1C5-4DB4-84AE-B383C5E990C6}.Release|Any CPU.ActiveCfg = Release|Any CPU
	EndGlobalSection
	GlobalSection(SolutionProperties) = preSolution
		HideSolutionNode = FALSE
	EndGlobalSection
	GlobalSection(ExtensibilityGlobals) = postSolution
		SolutionGuid = {9FA2134E-C935-4107-9905-75F636365C63}
	EndGlobalSection
EndGlobal
